
Microsoft Visual Studio Solution File, Format Version 12.00
# Visual Studio Version 17
VisualStudioVersion = 17.0.32112.339
MinimumVisualStudioVersion = 10.0.40219.1
Project("{9A19103F-16F7-4668-BE54-9A1E7A4F7556}") = "Deckard", "Deckard\Deckard.csproj", "{BCB21383-AF8B-4C5B-815E-5FE07929B9C0}"
EndProject
Project("{9A19103F-16F7-4668-BE54-9A1E7A4F7556}") = "Deckard.Specs", "Deckard.Specs\Deckard.Specs.csproj", "{D5F0DCC7-E3DD-4634-896A-D521CE48C82A}"
EndProject
Project("{9A19103F-16F7-4668-BE54-9A1E7A4F7556}") = "Deckard.Examples.Specs", "Deckard.Examples.Specs\Deckard.Examples.Specs.csproj", "{80C96EAF-1D45-42B6-93C8-AD6CFFE345A8}"
	ProjectSection(ProjectDependencies) = postProject
		{BCB21383-AF8B-4C5B-815E-5FE07929B9C0} = {BCB21383-AF8B-4C5B-815E-5FE07929B9C0}
	EndProjectSection
EndProject
Global
	GlobalSection(SolutionConfigurationPlatforms) = preSolution
		Debug|Any CPU = Debug|Any CPU
		Release|Any CPU = Release|Any CPU
	EndGlobalSection
	GlobalSection(ProjectConfigurationPlatforms) = postSolution
		{BCB21383-AF8B-4C5B-815E-5FE07929B9C0}.Debug|Any CPU.ActiveCfg = Debug|Any CPU
		{BCB21383-AF8B-4C5B-815E-5FE07929B9C0}.Debug|Any CPU.Build.0 = Debug|Any CPU
		{BCB21383-AF8B-4C5B-815E-5FE07929B9C0}.Release|Any CPU.ActiveCfg = Release|Any CPU
		{BCB21383-AF8B-4C5B-815E-5FE07929B9C0}.Release|Any CPU.Build.0 = Release|Any CPU
		{D5F0DCC7-E3DD-4634-896A-D521CE48C82A}.Debug|Any CPU.ActiveCfg = Debug|Any CPU
		{D5F0DCC7-E3DD-4634-896A-D521CE48C82A}.Debug|Any CPU.Build.0 = Debug|Any CPU
		{D5F0DCC7-E3DD-4634-896A-D521CE48C82A}.Release|Any CPU.ActiveCfg = Release|Any CPU
		{D5F0DCC7-E3DD-4634-896A-D521CE48C82A}.Release|Any CPU.Build.0 = Release|Any CPU
		{80C96EAF-1D45-42B6-93C8-AD6CFFE345A8}.Debug|Any CPU.ActiveCfg = Debug|Any CPU
		{80C96EAF-1D45-42B6-93C8-AD6CFFE345A8}.Debug|Any CPU.Build.0 = Debug|Any CPU
		{80C96EAF-1D45-42B6-93C8-AD6CFFE345A8}.Release|Any CPU.ActiveCfg = Release|Any CPU
		{80C96EAF-1D45-42B6-93C8-AD6CFFE345A8}.Release|Any CPU.Build.0 = Release|Any CPU
	EndGlobalSection
	GlobalSection(SolutionProperties) = preSolution
		HideSolutionNode = FALSE
	EndGlobalSection
	GlobalSection(ExtensibilityGlobals) = postSolution
		SolutionGuid = {39E04BF8-5FBF-465C-8800-2E58578D1255}
	EndGlobalSection
EndGlobal
